// !$*UTF8*$!
{
	archiveVersion = 1;
	classes = {
	};
	objectVersion = 48;
	objects = {

/* Begin PBXBuildFile section */
		04DF92C21FBC18E400E4EFA2 /* AppDelegate.m in Sources */ = {isa = PBXBuildFile; fileRef = 04DF92C11FBC18E400E4EFA2 /* AppDelegate.m */; };
		04DF92C51FBC18E400E4EFA2 /* ViewController.m in Sources */ = {isa = PBXBuildFile; fileRef = 04DF92C41FBC18E400E4EFA2 /* ViewController.m */; };
		04DF92C81FBC18E400E4EFA2 /* Main.storyboard in Resources */ = {isa = PBXBuildFile; fileRef = 04DF92C61FBC18E400E4EFA2 /* Main.storyboard */; };
		04DF92CA1FBC18E400E4EFA2 /* Assets.xcassets in Resources */ = {isa = PBXBuildFile; fileRef = 04DF92C91FBC18E400E4EFA2 /* Assets.xcassets */; };
		04DF92CD1FBC18E400E4EFA2 /* LaunchScreen.storyboard in Resources */ = {isa = PBXBuildFile; fileRef = 04DF92CB1FBC18E400E4EFA2 /* LaunchScreen.storyboard */; };
		04DF92D01FBC18E400E4EFA2 /* main.m in Sources */ = {isa = PBXBuildFile; fileRef = 04DF92CF1FBC18E400E4EFA2 /* main.m */; };
		04DF92DA1FBC18E400E4EFA2 /* MJTableTests.m in Sources */ = {isa = PBXBuildFile; fileRef = 04DF92D91FBC18E400E4EFA2 /* MJTableTests.m */; };
		04DF92E51FBC18E400E4EFA2 /* MJTableUITests.m in Sources */ = {isa = PBXBuildFile; fileRef = 04DF92E41FBC18E400E4EFA2 /* MJTableUITests.m */; };
/* End PBXBuildFile section */

/* Begin PBXContainerItemProxy section */
		04DF92D61FBC18E400E4EFA2 /* PBXContainerItemProxy */ = {
			isa = PBXContainerItemProxy;
			containerPortal = 04DF92B51FBC18E400E4EFA2 /* Project object */;
			proxyType = 1;
			remoteGlobalIDString = 04DF92BC1FBC18E400E4EFA2;
			remoteInfo = MJTable;
		};
		04DF92E11FBC18E400E4EFA2 /* PBXContainerItemProxy */ = {
			isa = PBXContainerItemProxy;
			containerPortal = 04DF92B51FBC18E400E4EFA2 /* Project object */;
			proxyType = 1;
			remoteGlobalIDString = 04DF92BC1FBC18E400E4EFA2;
			remoteInfo = MJTable;
		};
/* End PBXContainerItemProxy section */

/* Begin PBXFileReference section */
		04DF92BD1FBC18E400E4EFA2 /* MJTable.app */ = {isa = PBXFileReference; explicitFileType = wrapper.application; includeInIndex = 0; path = MJTable.app; sourceTree = BUILT_PRODUCTS_DIR; };
		04DF92C01FBC18E400E4EFA2 /* AppDelegate.h */ = {isa = PBXFileReference; lastKnownFileType = sourcecode.c.h; path = AppDelegate.h; sourceTree = "<group>"; };
		04DF92C11FBC18E400E4EFA2 /* AppDelegate.m */ = {isa = PBXFileReference; lastKnownFileType = sourcecode.c.objc; path = AppDelegate.m; sourceTree = "<group>"; };
		04DF92C31FBC18E400E4EFA2 /* ViewController.h */ = {isa = PBXFileReference; lastKnownFileType = sourcecode.c.h; path = ViewController.h; sourceTree = "<group>"; };
		04DF92C41FBC18E400E4EFA2 /* ViewController.m */ = {isa = PBXFileReference; lastKnownFileType = sourcecode.c.objc; path = ViewController.m; sourceTree = "<group>"; };
		04DF92C71FBC18E400E4EFA2 /* Base */ = {isa = PBXFileReference; lastKnownFileType = file.storyboard; name = Base; path = Base.lproj/Main.storyboard; sourceTree = "<group>"; };
		04DF92C91FBC18E400E4EFA2 /* Assets.xcassets */ = {isa = PBXFileReference; lastKnownFileType = folder.assetcatalog; path = Assets.xcassets; sourceTree = "<group>"; };
		04DF92CC1FBC18E400E4EFA2 /* Base */ = {isa = PBXFileReference; lastKnownFileType = file.storyboard; name = Base; path = Base.lproj/LaunchScreen.storyboard; sourceTree = "<group>"; };
		04DF92CE1FBC18E400E4EFA2 /* Info.plist */ = {isa = PBXFileReference; lastKnownFileType = text.plist.xml; path = Info.plist; sourceTree = "<group>"; };
		04DF92CF1FBC18E400E4EFA2 /* main.m */ = {isa = PBXFileReference; lastKnownFileType = sourcecode.c.objc; path = main.m; sourceTree = "<group>"; };
		04DF92D51FBC18E400E4EFA2 /* MJTableTests.xctest */ = {isa = PBXFileReference; explicitFileType = wrapper.cfbundle; includeInIndex = 0; path = MJTableTests.xctest; sourceTree = BUILT_PRODUCTS_DIR; };
		04DF92D91FBC18E400E4EFA2 /* MJTableTests.m */ = {isa = PBXFileReference; lastKnownFileType = sourcecode.c.objc; path = MJTableTests.m; sourceTree = "<group>"; };
		04DF92DB1FBC18E400E4EFA2 /* Info.plist */ = {isa = PBXFileReference; lastKnownFileType = text.plist.xml; path = Info.plist; sourceTree = "<group>"; };
		04DF92E01FBC18E400E4EFA2 /* MJTableUITests.xctest */ = {isa = PBXFileReference; explicitFileType = wrapper.cfbundle; includeInIndex = 0; path = MJTableUITests.xctest; sourceTree = BUILT_PRODUCTS_DIR; };
		04DF92E41FBC18E400E4EFA2 /* MJTableUITests.m */ = {isa = PBXFileReference; lastKnownFileType = sourcecode.c.objc; path = MJTableUITests.m; sourceTree = "<group>"; };
		04DF92E61FBC18E400E4EFA2 /* Info.plist */ = {isa = PBXFileReference; lastKnownFileType = text.plist.xml; path = Info.plist; sourceTree = "<group>"; };
/* End PBXFileReference section */

/* Begin PBXFrameworksBuildPhase section */
		04DF92BA1FBC18E400E4EFA2 /* Frameworks */ = {
			isa = PBXFrameworksBuildPhase;
			buildActionMask = 2147483647;
			files = (
			);
			runOnlyForDeploymentPostprocessing = 0;
		};
		04DF92D21FBC18E400E4EFA2 /* Frameworks */ = {
			isa = PBXFrameworksBuildPhase;
			buildActionMask = 2147483647;
			files = (
			);
			runOnlyForDeploymentPostprocessing = 0;
		};
		04DF92DD1FBC18E400E4EFA2 /* Frameworks */ = {
			isa = PBXFrameworksBuildPhase;
			buildActionMask = 2147483647;
			files = (
			);
			runOnlyForDeploymentPostprocessing = 0;
		};
/* End PBXFrameworksBuildPhase section */

/* Begin PBXGroup section */
		04DF92B41FBC18E400E4EFA2 = {
			isa = PBXGroup;
			children = (
				04DF92BF1FBC18E400E4EFA2 /* MJTable */,
				04DF92D81FBC18E400E4EFA2 /* MJTableTests */,
				04DF92E31FBC18E400E4EFA2 /* MJTableUITests */,
				04DF92BE1FBC18E400E4EFA2 /* Products */,
			);
			sourceTree = "<group>";
		};
		04DF92BE1FBC18E400E4EFA2 /* Products */ = {
			isa = PBXGroup;
			children = (
				04DF92BD1FBC18E400E4EFA2 /* MJTable.app */,
				04DF92D51FBC18E400E4EFA2 /* MJTableTests.xctest */,
				04DF92E01FBC18E400E4EFA2 /* MJTableUITests.xctest */,
			);
			name = Products;
			sourceTree = "<group>";
		};
		04DF92BF1FBC18E400E4EFA2 /* MJTable */ = {
			isa = PBXGroup;
			children = (
				04DF92C01FBC18E400E4EFA2 /* AppDelegate.h */,
				04DF92C11FBC18E400E4EFA2 /* AppDelegate.m */,
				04DF92C31FBC18E400E4EFA2 /* ViewController.h */,
				04DF92C41FBC18E400E4EFA2 /* ViewController.m */,
				04DF92C61FBC18E400E4EFA2 /* Main.storyboard */,
				04DF92C91FBC18E400E4EFA2 /* Assets.xcassets */,
				04DF92CB1FBC18E400E4EFA2 /* LaunchScreen.storyboard */,
				04DF92CE1FBC18E400E4EFA2 /* Info.plist */,
				04DF92CF1FBC18E400E4EFA2 /* main.m */,
			);
			path = MJTable;
			sourceTree = "<group>";
		};
		04DF92D81FBC18E400E4EFA2 /* MJTableTests */ = {
			isa = PBXGroup;
			children = (
				04DF92D91FBC18E400E4EFA2 /* MJTableTests.m */,
				04DF92DB1FBC18E400E4EFA2 /* Info.plist */,
			);
			path = MJTableTests;
			sourceTree = "<group>";
		};
		04DF92E31FBC18E400E4EFA2 /* MJTableUITests */ = {
			isa = PBXGroup;
			children = (
				04DF92E41FBC18E400E4EFA2 /* MJTableUITests.m */,
				04DF92E61FBC18E400E4EFA2 /* Info.plist */,
			);
			path = MJTableUITests;
			sourceTree = "<group>";
		};
/* End PBXGroup section */

/* Begin PBXNativeTarget section */
		04DF92BC1FBC18E400E4EFA2 /* MJTable */ = {
			isa = PBXNativeTarget;
			buildConfigurationList = 04DF92E91FBC18E400E4EFA2 /* Build configuration list for PBXNativeTarget "MJTable" */;
			buildPhases = (
				04DF92B91FBC18E400E4EFA2 /* Sources */,
				04DF92BA1FBC18E400E4EFA2 /* Frameworks */,
				04DF92BB1FBC18E400E4EFA2 /* Resources */,
			);
			buildRules = (
			);
			dependencies = (
			);
			name = MJTable;
			productName = MJTable;
			productReference = 04DF92BD1FBC18E400E4EFA2 /* MJTable.app */;
			productType = "com.apple.product-type.application";
		};
		04DF92D41FBC18E400E4EFA2 /* MJTableTests */ = {
			isa = PBXNativeTarget;
			buildConfigurationList = 04DF92EC1FBC18E400E4EFA2 /* Build configuration list for PBXNativeTarget "MJTableTests" */;
			buildPhases = (
				04DF92D11FBC18E400E4EFA2 /* Sources */,
				04DF92D21FBC18E400E4EFA2 /* Frameworks */,
				04DF92D31FBC18E400E4EFA2 /* Resources */,
			);
			buildRules = (
			);
			dependencies = (
				04DF92D71FBC18E400E4EFA2 /* PBXTargetDependency */,
			);
			name = MJTableTests;
			productName = MJTableTests;
			productReference = 04DF92D51FBC18E400E4EFA2 /* MJTableTests.xctest */;
			productType = "com.apple.product-type.bundle.unit-test";
		};
		04DF92DF1FBC18E400E4EFA2 /* MJTableUITests */ = {
			isa = PBXNativeTarget;
			buildConfigurationList = 04DF92EF1FBC18E400E4EFA2 /* Build configuration list for PBXNativeTarget "MJTableUITests" */;
			buildPhases = (
				04DF92DC1FBC18E400E4EFA2 /* Sources */,
				04DF92DD1FBC18E400E4EFA2 /* Frameworks */,
				04DF92DE1FBC18E400E4EFA2 /* Resources */,
			);
			buildRules = (
			);
			dependencies = (
				04DF92E21FBC18E400E4EFA2 /* PBXTargetDependency */,
			);
			name = MJTableUITests;
			productName = MJTableUITests;
			productReference = 04DF92E01FBC18E400E4EFA2 /* MJTableUITests.xctest */;
			productType = "com.apple.product-type.bundle.ui-testing";
		};
/* End PBXNativeTarget section */

/* Begin PBXProject section */
		04DF92B51FBC18E400E4EFA2 /* Project object */ = {
			isa = PBXProject;
			attributes = {
				LastUpgradeCheck = 0910;
				ORGANIZATIONNAME = Mac;
				TargetAttributes = {
					04DF92BC1FBC18E400E4EFA2 = {
						CreatedOnToolsVersion = 9.1;
						ProvisioningStyle = Automatic;
					};
					04DF92D41FBC18E400E4EFA2 = {
						CreatedOnToolsVersion = 9.1;
						ProvisioningStyle = Automatic;
						TestTargetID = 04DF92BC1FBC18E400E4EFA2;
					};
					04DF92DF1FBC18E400E4EFA2 = {
						CreatedOnToolsVersion = 9.1;
						ProvisioningStyle = Automatic;
						TestTargetID = 04DF92BC1FBC18E400E4EFA2;
					};
				};
			};
			buildConfigurationList = 04DF92B81FBC18E400E4EFA2 /* Build configuration list for PBXProject "MJTable" */;
			compatibilityVersion = "Xcode 8.0";
			developmentRegion = en;
			hasScannedForEncodings = 0;
			knownRegions = (
				en,
				Base,
			);
			mainGroup = 04DF92B41FBC18E400E4EFA2;
			productRefGroup = 04DF92BE1FBC18E400E4EFA2 /* Products */;
			projectDirPath = "";
			projectRoot = "";
			targets = (
				04DF92BC1FBC18E400E4EFA2 /* MJTable */,
				04DF92D41FBC18E400E4EFA2 /* MJTableTests */,
				04DF92DF1FBC18E400E4EFA2 /* MJTableUITests */,
			);
		};
/* End PBXProject section */

/* Begin PBXResourcesBuildPhase section */
		04DF92BB1FBC18E400E4EFA2 /* Resources */ = {
			isa = PBXResourcesBuildPhase;
			buildActionMask = 2147483647;
			files = (
				04DF92CD1FBC18E400E4EFA2 /* LaunchScreen.storyboard in Resources */,
				04DF92CA1FBC18E400E4EFA2 /* Assets.xcassets in Resources */,
				04DF92C81FBC18E400E4EFA2 /* Main.storyboard in Resources */,
			);
			runOnlyForDeploymentPostprocessing = 0;
		};
		04DF92D31FBC18E400E4EFA2 /* Resources */ = {
			isa = PBXResourcesBuildPhase;
			buildActionMask = 2147483647;
			files = (
			);
			runOnlyForDeploymentPostprocessing = 0;
		};
		04DF92DE1FBC18E400E4EFA2 /* Resources */ = {
			isa = PBXResourcesBuildPhase;
			buildActionMask = 2147483647;
			files = (
			);
			runOnlyForDeploymentPostprocessing = 0;
		};
/* End PBXResourcesBuildPhase section */

/* Begin PBXSourcesBuildPhase section */
		04DF92B91FBC18E400E4EFA2 /* Sources */ = {
			isa = PBXSourcesBuildPhase;
			buildActionMask = 2147483647;
			files = (
				04DF92C51FBC18E400E4EFA2 /* ViewController.m in Sources */,
				04DF92D01FBC18E400E4EFA2 /* main.m in Sources */,
				04DF92C21FBC18E400E4EFA2 /* AppDelegate.m in Sources */,
			);
			runOnlyForDeploymentPostprocessing = 0;
		};
		04DF92D11FBC18E400E4EFA2 /* Sources */ = {
			isa = PBXSourcesBuildPhase;
			buildActionMask = 2147483647;
			files = (
				04DF92DA1FBC18E400E4EFA2 /* MJTableTests.m in Sources */,
			);
			runOnlyForDeploymentPostprocessing = 0;
		};
		04DF92DC1FBC18E400E4EFA2 /* Sources */ = {
			isa = PBXSourcesBuildPhase;
			buildActionMask = 2147483647;
			files = (
				04DF92E51FBC18E400E4EFA2 /* MJTableUITests.m in Sources */,
			);
			runOnlyForDeploymentPostprocessing = 0;
		};
/* End PBXSourcesBuildPhase section */

/* Begin PBXTargetDependency section */
		04DF92D71FBC18E400E4EFA2 /* PBXTargetDependency */ = {
			isa = PBXTargetDependency;
			target = 04DF92BC1FBC18E400E4EFA2 /* MJTable */;
			targetProxy = 04DF92D61FBC18E400E4EFA2 /* PBXContainerItemProxy */;
		};
		04DF92E21FBC18E400E4EFA2 /* PBXTargetDependency */ = {
			isa = PBXTargetDependency;
			target = 04DF92BC1FBC18E400E4EFA2 /* MJTable */;
			targetProxy = 04DF92E11FBC18E400E4EFA2 /* PBXContainerItemProxy */;
		};
/* End PBXTargetDependency section */

/* Begin PBXVariantGroup section */
		04DF92C61FBC18E400E4EFA2 /* Main.storyboard */ = {
			isa = PBXVariantGroup;
			children = (
				04DF92C71FBC18E400E4EFA2 /* Base */,
			);
			name = Main.storyboard;
			sourceTree = "<group>";
		};
		04DF92CB1FBC18E400E4EFA2 /* LaunchScreen.storyboard */ = {
			isa = PBXVariantGroup;
			children = (
				04DF92CC1FBC18E400E4EFA2 /* Base */,
			);
			name = LaunchScreen.storyboard;
			sourceTree = "<group>";
		};
/* End PBXVariantGroup section */

/* Begin XCBuildConfiguration section */
		04DF92E71FBC18E400E4EFA2 /* Debug */ = {
			isa = XCBuildConfiguration;
			buildSettings = {
				ALWAYS_SEARCH_USER_PATHS = NO;
				CLANG_ANALYZER_NONNULL = YES;
				CLANG_ANALYZER_NUMBER_OBJECT_CONVERSION = YES_AGGRESSIVE;
				CLANG_CXX_LANGUAGE_STANDARD = "gnu++14";
				CLANG_CXX_LIBRARY = "libc++";
				CLANG_ENABLE_MODULES = YES;
				CLANG_ENABLE_OBJC_ARC = YES;
				CLANG_WARN_BLOCK_CAPTURE_AUTORELEASING = YES;
				CLANG_WARN_BOOL_CONVERSION = YES;
				CLANG_WARN_COMMA = YES;
				CLANG_WARN_CONSTANT_CONVERSION = YES;
				CLANG_WARN_DIRECT_OBJC_ISA_USAGE = YES_ERROR;
				CLANG_WARN_DOCUMENTATION_COMMENTS = YES;
				CLANG_WARN_EMPTY_BODY = YES;
				CLANG_WARN_ENUM_CONVERSION = YES;
				CLANG_WARN_INFINITE_RECURSION = YES;
				CLANG_WARN_INT_CONVERSION = YES;
				CLANG_WARN_NON_LITERAL_NULL_CONVERSION = YES;
				CLANG_WARN_OBJC_LITERAL_CONVERSION = YES;
				CLANG_WARN_OBJC_ROOT_CLASS = YES_ERROR;
				CLANG_WARN_RANGE_LOOP_ANALYSIS = YES;
				CLANG_WARN_STRICT_PROTOTYPES = YES;
				CLANG_WARN_SUSPICIOUS_MOVE = YES;
				CLANG_WARN_UNGUARDED_AVAILABILITY = YES_AGGRESSIVE;
				CLANG_WARN_UNREACHABLE_CODE = YES;
				CLANG_WARN__DUPLICATE_METHOD_MATCH = YES;
				CODE_SIGN_IDENTITY = "iPhone Developer";
				COPY_PHASE_STRIP = NO;
				DEBUG_INFORMATION_FORMAT = dwarf;
				ENABLE_STRICT_OBJC_MSGSEND = YES;
				ENABLE_TESTABILITY = YES;
				GCC_C_LANGUAGE_STANDARD = gnu11;
				GCC_DYNAMIC_NO_PIC = NO;
				GCC_NO_COMMON_BLOCKS = YES;
				GCC_OPTIMIZATION_LEVEL = 0;
				GCC_PREPROCESSOR_DEFINITIONS = (
					"DEBUG=1",
					"$(inherited)",
				);
				GCC_WARN_64_TO_32_BIT_CONVERSION = YES;
				GCC_WARN_ABOUT_RETURN_TYPE = YES_ERROR;
				GCC_WARN_UNDECLARED_SELECTOR = YES;
				GCC_WARN_UNINITIALIZED_AUTOS = YES_AGGRESSIVE;
				GCC_WARN_UNUSED_FUNCTION = YES;
				GCC_WARN_UNUSED_VARIABLE = YES;
				IPHONEOS_DEPLOYMENT_TARGET = 11.1;
				MTL_ENABLE_DEBUG_INFO = YES;
				ONLY_ACTIVE_ARCH = YES;
				SDKROOT = iphoneos;
			};
			name = Debug;
		};
		04DF92E81FBC18E400E4EFA2 /* Release */ = {
			isa = XCBuildConfiguration;
			buildSettings = {
				ALWAYS_SEARCH_USER_PATHS = NO;
				CLANG_ANALYZER_NONNULL = YES;
				CLANG_ANALYZER_NUMBER_OBJECT_CONVERSION = YES_AGGRESSIVE;
				CLANG_CXX_LANGUAGE_STANDARD = "gnu++14";
				CLANG_CXX_LIBRARY = "libc++";
				CLANG_ENABLE_MODULES = YES;
				CLANG_ENABLE_OBJC_ARC = YES;
				CLANG_WARN_BLOCK_CAPTURE_AUTORELEASING = YES;
				CLANG_WARN_BOOL_CONVERSION = YES;
				CLANG_WARN_COMMA = YES;
				CLANG_WARN_CONSTANT_CONVERSION = YES;
				CLANG_WARN_DIRECT_OBJC_ISA_USAGE = YES_ERROR;
				CLANG_WARN_DOCUMENTATION_COMMENTS = YES;
				CLANG_WARN_EMPTY_BODY = YES;
				CLANG_WARN_ENUM_CONVERSION = YES;
				CLANG_WARN_INFINITE_RECURSION = YES;
				CLANG_WARN_INT_CONVERSION = YES;
				CLANG_WARN_NON_LITERAL_NULL_CONVERSION = YES;
				CLANG_WARN_OBJC_LITERAL_CONVERSION = YES;
				CLANG_WARN_OBJC_ROOT_CLASS = YES_ERROR;
				CLANG_WARN_RANGE_LOOP_ANALYSIS = YES;
				CLANG_WARN_STRICT_PROTOTYPES = YES;
				CLANG_WARN_SUSPICIOUS_MOVE = YES;
				CLANG_WARN_UNGUARDED_AVAILABILITY = YES_AGGRESSIVE;
				CLANG_WARN_UNREACHABLE_CODE = YES;
				CLANG_WARN__DUPLICATE_METHOD_MATCH = YES;
				CODE_SIGN_IDENTITY = "iPhone Developer";
				COPY_PHASE_STRIP = NO;
				DEBUG_INFORMATION_FORMAT = "dwarf-with-dsym";
				ENABLE_NS_ASSERTIONS = NO;
				ENABLE_STRICT_OBJC_MSGSEND = YES;
				GCC_C_LANGUAGE_STANDARD = gnu11;
				GCC_NO_COMMON_BLOCKS = YES;
				GCC_WARN_64_TO_32_BIT_CONVERSION = YES;
				GCC_WARN_ABOUT_RETURN_TYPE = YES_ERROR;
				GCC_WARN_UNDECLARED_SELECTOR = YES;
				GCC_WARN_UNINITIALIZED_AUTOS = YES_AGGRESSIVE;
				GCC_WARN_UNUSED_FUNCTION = YES;
				GCC_WARN_UNUSED_VARIABLE = YES;
				IPHONEOS_DEPLOYMENT_TARGET = 11.1;
				MTL_ENABLE_DEBUG_INFO = NO;
				SDKROOT = iphoneos;
				VALIDATE_PRODUCT = YES;
			};
			name = Release;
		};
		04DF92EA1FBC18E400E4EFA2 /* Debug */ = {
			isa = XCBuildConfiguration;
			buildSettings = {
				ASSETCATALOG_COMPILER_APPICON_NAME = AppIcon;
				CODE_SIGN_STYLE = Automatic;
				DEVELOPMENT_TEAM = E82KNP69QS;
				INFOPLIST_FILE = MJTable/Info.plist;
				LD_RUNPATH_SEARCH_PATHS = "$(inherited) @executable_path/Frameworks";
				PRODUCT_BUNDLE_IDENTIFIER = com.hengchen.MJTable;
				PRODUCT_NAME = "$(TARGET_NAME)";
				TARGETED_DEVICE_FAMILY = "1,2";
			};
			name = Debug;
		};
		04DF92EB1FBC18E400E4EFA2 /* Release */ = {
			isa = XCBuildConfiguration;
			buildSettings = {
				ASSETCATALOG_COMPILER_APPICON_NAME = AppIcon;
				CODE_SIGN_STYLE = Automatic;
				DEVELOPMENT_TEAM = E82KNP69QS;
				INFOPLIST_FILE = MJTable/Info.plist;
				LD_RUNPATH_SEARCH_PATHS = "$(inherited) @executable_path/Frameworks";
				PRODUCT_BUNDLE_IDENTIFIER = com.hengchen.MJTable;
				PRODUCT_NAME = "$(TARGET_NAME)";
				TARGETED_DEVICE_FAMILY = "1,2";
			};
			name = Release;
		};
		04DF92ED1FBC18E400E4EFA2 /* Debug */ = {
			isa = XCBuildConfiguration;
			buildSettings = {
				BUNDLE_LOADER = "$(TEST_HOST)";
				CODE_SIGN_STYLE = Automatic;
				DEVELOPMENT_TEAM = E82KNP69QS;
				INFOPLIST_FILE = MJTableTests/Info.plist;
				LD_RUNPATH_SEARCH_PATHS = "$(inherited) @executable_path/Frameworks @loader_path/Frameworks";
				PRODUCT_BUNDLE_IDENTIFIER = com.hengchen.MJTableTests;
				PRODUCT_NAME = "$(TARGET_NAME)";
				TARGETED_DEVICE_FAMILY = "1,2";
				TEST_HOST = "$(BUILT_PRODUCTS_DIR)/MJTable.app/MJTable";
			};
			name = Debug;
		};
		04DF92EE1FBC18E400E4EFA2 /* Release */ = {
			isa = XCBuildConfiguration;
			buildSettings = {
				BUNDLE_LOADER = "$(TEST_HOST)";
				CODE_SIGN_STYLE = Automatic;
				DEVELOPMENT_TEAM = E82KNP69QS;
				INFOPLIST_FILE = MJTableTests/Info.plist;
				LD_RUNPATH_SEARCH_PATHS = "$(inherited) @executable_path/Frameworks @loader_path/Frameworks";
				PRODUCT_BUNDLE_IDENTIFIER = com.hengchen.MJTableTests;
				PRODUCT_NAME = "$(TARGET_NAME)";
				TARGETED_DEVICE_FAMILY = "1,2";
				TEST_HOST = "$(BUILT_PRODUCTS_DIR)/MJTable.app/MJTable";
			};
			name = Release;
		};
		04DF92F01FBC18E400E4EFA2 /* Debug */ = {
			isa = XCBuildConfiguration;
			buildSettings = {
				CODE_SIGN_STYLE = Automatic;
				DEVELOPMENT_TEAM = E82KNP69QS;
				INFOPLIST_FILE = MJTableUITests/Info.plist;
				LD_RUNPATH_SEARCH_PATHS = "$(inherited) @executable_path/Frameworks @loader_path/Frameworks";
				PRODUCT_BUNDLE_IDENTIFIER = com.hengchen.MJTableUITests;
				PRODUCT_NAME = "$(TARGET_NAME)";
				TARGETED_DEVICE_FAMILY = "1,2";
				TEST_TARGET_NAME = MJTable;
			};
			name = Debug;
		};
		04DF92F11FBC18E400E4EFA2 /* Release */ = {
			isa = XCBuildConfiguration;
			buildSettings = {
				CODE_SIGN_STYLE = Automatic;
				DEVELOPMENT_TEAM = E82KNP69QS;
				INFOPLIST_FILE = MJTableUITests/Info.plist;
				LD_RUNPATH_SEARCH_PATHS = "$(inherited) @executable_path/Frameworks @loader_path/Frameworks";
				PRODUCT_BUNDLE_IDENTIFIER = com.hengchen.MJTableUITests;
				PRODUCT_NAME = "$(TARGET_NAME)";
				TARGETED_DEVICE_FAMILY = "1,2";
				TEST_TARGET_NAME = MJTable;
			};
			name = Release;
		};
/* End XCBuildConfiguration section */

/* Begin XCConfigurationList section */
		04DF92B81FBC18E400E4EFA2 /* Build configuration list for PBXProject "MJTable" */ = {
			isa = XCConfigurationList;
			buildConfigurations = (
				04DF92E71FBC18E400E4EFA2 /* Debug */,
				04DF92E81FBC18E400E4EFA2 /* Release */,
			);
			defaultConfigurationIsVisible = 0;
			defaultConfigurationName = Release;
		};
		04DF92E91FBC18E400E4EFA2 /* Build configuration list for PBXNativeTarget "MJTable" */ = {
			isa = XCConfigurationList;
			buildConfigurations = (
				04DF92EA1FBC18E400E4EFA2 /* Debug */,
				04DF92EB1FBC18E400E4EFA2 /* Release */,
			);
			defaultConfigurationIsVisible = 0;
			defaultConfigurationName = Release;
		};
		04DF92EC1FBC18E400E4EFA2 /* Build configuration list for PBXNativeTarget "MJTableTests" */ = {
			isa = XCConfigurationList;
			buildConfigurations = (
				04DF92ED1FBC18E400E4EFA2 /* Debug */,
				04DF92EE1FBC18E400E4EFA2 /* Release */,
			);
			defaultConfigurationIsVisible = 0;
			defaultConfigurationName = Release;
		};
		04DF92EF1FBC18E400E4EFA2 /* Build configuration list for PBXNativeTarget "MJTableUITests" */ = {
			isa = XCConfigurationList;
			buildConfigurations = (
				04DF92F01FBC18E400E4EFA2 /* Debug */,
				04DF92F11FBC18E400E4EFA2 /* Release */,
			);
			defaultConfigurationIsVisible = 0;
			defaultConfigurationName = Release;
		};
/* End XCConfigurationList section */
	};
	rootObject = 04DF92B51FBC18E400E4EFA2 /* Project object */;
}
